
Microsoft Visual Studio Solution File, Format Version 11.00
# Visual Studio 2010
Project("{8BC9CEB8-8B4A-11D0-8D11-00A0C91BC942}") = "CodeSonar", "CodeSonar\CodeSonar.vcxproj", "{E78158BB-73CB-41D6-B980-787068D96CCF}"
EndProject
Global
	GlobalSection(SolutionConfigurationPlatforms) = preSolution
		Debug|Win32 = Debug|Win32
		Release|Win32 = Release|Win32
	EndGlobalSection
	GlobalSection(ProjectConfigurationPlatforms) = postSolution
		{E78158BB-73CB-41D6-B980-787068D96CCF}.Debug|Win32.ActiveCfg = Debug|Win32
		{E78158BB-73CB-41D6-B980-787068D96CCF}.Debug|Win32.Build.0 = Debug|Win32
		{E78158BB-73CB-41D6-B980-787068D96CCF}.Release|Win32.ActiveCfg = Release|Win32
		{E78158BB-73CB-41D6-B980-787068D96CCF}.Release|Win32.Build.0 = Release|Win32
	EndGlobalSection
	GlobalSection(SolutionProperties) = preSolution
		HideSolutionNode = FALSE
	EndGlobalSection
EndGlobal
